
Microsoft Visual Studio Solution File, Format Version 12.00
# Visual Studio Version 17
VisualStudioVersion = 17.4.33103.184
MinimumVisualStudioVersion = 10.0.40219.1
Project("{888888A0-9F3D-457C-B088-3A5042F75D52}") = "ex5", "ex5\ex5.pyproj", "{4CCF391B-1FB1-412E-9089-7D8C8E7B8F95}"
EndProject
Global
	GlobalSection(SolutionConfigurationPlatforms) = preSolution
		Debug|Any CPU = Debug|Any CPU
		Release|Any CPU = Release|Any CPU
	EndGlobalSection
	GlobalSection(ProjectConfigurationPlatforms) = postSolution
		{4CCF391B-1FB1-412E-9089-7D8C8E7B8F95}.Debug|Any CPU.ActiveCfg = Debug|Any CPU
		{4CCF391B-1FB1-412E-9089-7D8C8E7B8F95}.Release|Any CPU.ActiveCfg = Release|Any CPU
	EndGlobalSection
	GlobalSection(SolutionProperties) = preSolution
		HideSolutionNode = FALSE
	EndGlobalSection
	GlobalSection(ExtensibilityGlobals) = postSolution
		SolutionGuid = {917D32DC-9762-490F-BB9F-20D580159938}
	EndGlobalSection
EndGlobal
